
Microsoft Visual Studio Solution File, Format Version 12.00
# Visual Studio Version 17
VisualStudioVersion = 17.7.34031.279
MinimumVisualStudioVersion = 10.0.40219.1
Project("{FAE04EC0-301F-11D3-BF4B-00C04F79EFBC}") = "SemesterTest_Prac_46463054_Mohlalal", "SemesterTest_Prac_46463054_Mohlalal\SemesterTest_Prac_46463054_Mohlalal.csproj", "{13A0271E-0713-4E94-8C37-EF2C16F754DB}"
EndProject
Global
	GlobalSection(SolutionConfigurationPlatforms) = preSolution
		Debug|Any CPU = Debug|Any CPU
		Release|Any CPU = Release|Any CPU
	EndGlobalSection
	GlobalSection(ProjectConfigurationPlatforms) = postSolution
		{13A0271E-0713-4E94-8C37-EF2C16F754DB}.Debug|Any CPU.ActiveCfg = Debug|Any CPU
		{13A0271E-0713-4E94-8C37-EF2C16F754DB}.Debug|Any CPU.Build.0 = Debug|Any CPU
		{13A0271E-0713-4E94-8C37-EF2C16F754DB}.Release|Any CPU.ActiveCfg = Release|Any CPU
		{13A0271E-0713-4E94-8C37-EF2C16F754DB}.Release|Any CPU.Build.0 = Release|Any CPU
	EndGlobalSection
	GlobalSection(SolutionProperties) = preSolution
		HideSolutionNode = FALSE
	EndGlobalSection
	GlobalSection(ExtensibilityGlobals) = postSolution
		SolutionGuid = {3C13EF06-F751-4D4C-AB89-915ED5DB663E}
	EndGlobalSection
EndGlobal
